
Microsoft Visual Studio Solution File, Format Version 12.00
# Visual Studio Version 16
VisualStudioVersion = 16.0.30907.101
MinimumVisualStudioVersion = 10.0.40219.1
Project("{9A19103F-16F7-4668-BE54-9A1E7A4F7556}") = "DataAccess", "DataAccess\DataAccess.csproj", "{B0771B1F-18F3-4F30-9258-F444D282768C}"
EndProject
Project("{9A19103F-16F7-4668-BE54-9A1E7A4F7556}") = "Business", "Business\Business.csproj", "{3A546CDA-0BC8-4970-B2AD-E742FF9D4794}"
EndProject
Project("{9A19103F-16F7-4668-BE54-9A1E7A4F7556}") = "Entities", "Entities\Entities.csproj", "{3E1666C9-B393-418C-BC0B-8BFB6D7FBB44}"
EndProject
Project("{9A19103F-16F7-4668-BE54-9A1E7A4F7556}") = "ConsoleUI", "ConsolUı\ConsoleUI.csproj", "{6B56CE47-8F91-48CB-8BED-30424995E577}"
EndProject
Project("{9A19103F-16F7-4668-BE54-9A1E7A4F7556}") = "Core", "Core\Core.csproj", "{B1126B1E-3C12-4419-BABF-EDE0E9C80B22}"
EndProject
Project("{FAE04EC0-301F-11D3-BF4B-00C04F79EFBC}") = "WebAPI", "WebAPI\WebAPI.csproj", "{F2FA4227-7FA1-41E0-8316-71904B6BBD31}"
EndProject
Global
	GlobalSection(SolutionConfigurationPlatforms) = preSolution
		Debug|Any CPU = Debug|Any CPU
		Release|Any CPU = Release|Any CPU
	EndGlobalSection
	GlobalSection(ProjectConfigurationPlatforms) = postSolution
		{B0771B1F-18F3-4F30-9258-F444D282768C}.Debug|Any CPU.ActiveCfg = Debug|Any CPU
		{B0771B1F-18F3-4F30-9258-F444D282768C}.Debug|Any CPU.Build.0 = Debug|Any CPU
		{B0771B1F-18F3-4F30-9258-F444D282768C}.Release|Any CPU.ActiveCfg = Release|Any CPU
		{B0771B1F-18F3-4F30-9258-F444D282768C}.Release|Any CPU.Build.0 = Release|Any CPU
		{3A546CDA-0BC8-4970-B2AD-E742FF9D4794}.Debug|Any CPU.ActiveCfg = Debug|Any CPU
		{3A546CDA-0BC8-4970-B2AD-E742FF9D4794}.Debug|Any CPU.Build.0 = Debug|Any CPU
		{3A546CDA-0BC8-4970-B2AD-E742FF9D4794}.Release|Any CPU.ActiveCfg = Release|Any CPU
		{3A546CDA-0BC8-4970-B2AD-E742FF9D4794}.Release|Any CPU.Build.0 = Release|Any CPU
		{3E1666C9-B393-418C-BC0B-8BFB6D7FBB44}.Debug|Any CPU.ActiveCfg = Debug|Any CPU
		{3E1666C9-B393-418C-BC0B-8BFB6D7FBB44}.Debug|Any CPU.Build.0 = Debug|Any CPU
		{3E1666C9-B393-418C-BC0B-8BFB6D7FBB44}.Release|Any CPU.ActiveCfg = Release|Any CPU
		{3E1666C9-B393-418C-BC0B-8BFB6D7FBB44}.Release|Any CPU.Build.0 = Release|Any CPU
		{6B56CE47-8F91-48CB-8BED-30424995E577}.Debug|Any CPU.ActiveCfg = Debug|Any CPU
		{6B56CE47-8F91-48CB-8BED-30424995E577}.Debug|Any CPU.Build.0 = Debug|Any CPU
		{6B56CE47-8F91-48CB-8BED-30424995E577}.Release|Any CPU.ActiveCfg = Release|Any CPU
		{6B56CE47-8F91-48CB-8BED-30424995E577}.Release|Any CPU.Build.0 = Release|Any CPU
		{B1126B1E-3C12-4419-BABF-EDE0E9C80B22}.Debug|Any CPU.ActiveCfg = Debug|Any CPU
		{B1126B1E-3C12-4419-BABF-EDE0E9C80B22}.Debug|Any CPU.Build.0 = Debug|Any CPU
		{B1126B1E-3C12-4419-BABF-EDE0E9C80B22}.Release|Any CPU.ActiveCfg = Release|Any CPU
		{B1126B1E-3C12-4419-BABF-EDE0E9C80B22}.Release|Any CPU.Build.0 = Release|Any CPU
		{F2FA4227-7FA1-41E0-8316-71904B6BBD31}.Debug|Any CPU.ActiveCfg = Debug|Any CPU
		{F2FA4227-7FA1-41E0-8316-71904B6BBD31}.Debug|Any CPU.Build.0 = Debug|Any CPU
		{F2FA4227-7FA1-41E0-8316-71904B6BBD31}.Release|Any CPU.ActiveCfg = Release|Any CPU
		{F2FA4227-7FA1-41E0-8316-71904B6BBD31}.Release|Any CPU.Build.0 = Release|Any CPU
	EndGlobalSection
	GlobalSection(SolutionProperties) = preSolution
		HideSolutionNode = FALSE
	EndGlobalSection
	GlobalSection(ExtensibilityGlobals) = postSolution
		SolutionGuid = {CCC32A8B-EB9A-4E7A-A23D-BDD14B296621}
	EndGlobalSection
EndGlobal
